
Microsoft Visual Studio Solution File, Format Version 12.00
# Visual Studio Version 17
VisualStudioVersion = 17.13.35825.156 d17.13
MinimumVisualStudioVersion = 10.0.40219.1
Project("{FAE04EC0-301F-11D3-BF4B-00C04F79EFBC}") = "EmployeePayments", "EmployeePayments\EmployeePayments.csproj", "{CFBFE129-3C8C-455B-8BBC-567D81B397DA}"
EndProject
Global
	GlobalSection(SolutionConfigurationPlatforms) = preSolution
		Debug|Any CPU = Debug|Any CPU
		Release|Any CPU = Release|Any CPU
	EndGlobalSection
	GlobalSection(ProjectConfigurationPlatforms) = postSolution
		{CFBFE129-3C8C-455B-8BBC-567D81B397DA}.Debug|Any CPU.ActiveCfg = Debug|Any CPU
		{CFBFE129-3C8C-455B-8BBC-567D81B397DA}.Debug|Any CPU.Build.0 = Debug|Any CPU
		{CFBFE129-3C8C-455B-8BBC-567D81B397DA}.Release|Any CPU.ActiveCfg = Release|Any CPU
		{CFBFE129-3C8C-455B-8BBC-567D81B397DA}.Release|Any CPU.Build.0 = Release|Any CPU
	EndGlobalSection
	GlobalSection(SolutionProperties) = preSolution
		HideSolutionNode = FALSE
	EndGlobalSection
	GlobalSection(ExtensibilityGlobals) = postSolution
		SolutionGuid = {7F6458A6-0091-49AC-BC99-F8CC12D948FB}
	EndGlobalSection
EndGlobal
